// !$*UTF8*$!
{
	archiveVersion = 1;
	classes = {
	};
	objectVersion = 56;
	objects = {

/* Begin PBXBuildFile section */
		7F53934F29F835E300314CEA /* Map.swift in Sources */ = {isa = PBXBuildFile; fileRef = 7F53934E29F835E300314CEA /* Map.swift */; };
		7F53935129F835F200314CEA /* Buildings.swift in Sources */ = {isa = PBXBuildFile; fileRef = 7F53935029F835F200314CEA /* Buildings.swift */; };
		7FFFFD9229F33FC400F896B2 /* AppDelegate.swift in Sources */ = {isa = PBXBuildFile; fileRef = 7FFFFD9129F33FC400F896B2 /* AppDelegate.swift */; };
		7FFFFD9429F33FC400F896B2 /* SceneDelegate.swift in Sources */ = {isa = PBXBuildFile; fileRef = 7FFFFD9329F33FC400F896B2 /* SceneDelegate.swift */; };
		7FFFFD9629F33FC400F896B2 /* ViewController.swift in Sources */ = {isa = PBXBuildFile; fileRef = 7FFFFD9529F33FC400F896B2 /* ViewController.swift */; };
		7FFFFD9929F33FC400F896B2 /* Main.storyboard in Resources */ = {isa = PBXBuildFile; fileRef = 7FFFFD9729F33FC400F896B2 /* Main.storyboard */; };
		7FFFFD9C29F33FC400F896B2 /* Chimica_Saronio.xcdatamodeld in Sources */ = {isa = PBXBuildFile; fileRef = 7FFFFD9A29F33FC400F896B2 /* Chimica_Saronio.xcdatamodeld */; };
		7FFFFD9E29F33FC500F896B2 /* Assets.xcassets in Resources */ = {isa = PBXBuildFile; fileRef = 7FFFFD9D29F33FC500F896B2 /* Assets.xcassets */; };
		7FFFFDA129F33FC500F896B2 /* LaunchScreen.storyboard in Resources */ = {isa = PBXBuildFile; fileRef = 7FFFFD9F29F33FC500F896B2 /* LaunchScreen.storyboard */; };
		7FFFFDAA29F343F300F896B2 /* ccmViewController.swift in Sources */ = {isa = PBXBuildFile; fileRef = 7FFFFDA929F343F300F896B2 /* ccmViewController.swift */; };
		7FFFFDAC29F343FF00F896B2 /* icmViewController.swift in Sources */ = {isa = PBXBuildFile; fileRef = 7FFFFDAB29F343FF00F896B2 /* icmViewController.swift */; };
/* End PBXBuildFile section */

/* Begin PBXFileReference section */
		7F53934E29F835E300314CEA /* Map.swift */ = {isa = PBXFileReference; lastKnownFileType = sourcecode.swift; path = Map.swift; sourceTree = "<group>"; };
		7F53935029F835F200314CEA /* Buildings.swift */ = {isa = PBXFileReference; lastKnownFileType = sourcecode.swift; path = Buildings.swift; sourceTree = "<group>"; };
		7FFFFD8E29F33FC400F896B2 /* Chimica Saronio.app */ = {isa = PBXFileReference; explicitFileType = wrapper.application; includeInIndex = 0; path = "Chimica Saronio.app"; sourceTree = BUILT_PRODUCTS_DIR; };
		7FFFFD9129F33FC400F896B2 /* AppDelegate.swift */ = {isa = PBXFileReference; lastKnownFileType = sourcecode.swift; path = AppDelegate.swift; sourceTree = "<group>"; };
		7FFFFD9329F33FC400F896B2 /* SceneDelegate.swift */ = {isa = PBXFileReference; lastKnownFileType = sourcecode.swift; path = SceneDelegate.swift; sourceTree = "<group>"; };
		7FFFFD9529F33FC400F896B2 /* ViewController.swift */ = {isa = PBXFileReference; lastKnownFileType = sourcecode.swift; path = ViewController.swift; sourceTree = "<group>"; };
		7FFFFD9829F33FC400F896B2 /* Base */ = {isa = PBXFileReference; lastKnownFileType = file.storyboard; name = Base; path = Base.lproj/Main.storyboard; sourceTree = "<group>"; };
		7FFFFD9B29F33FC400F896B2 /* Chimica_Saronio.xcdatamodel */ = {isa = PBXFileReference; lastKnownFileType = wrapper.xcdatamodel; path = Chimica_Saronio.xcdatamodel; sourceTree = "<group>"; };
		7FFFFD9D29F33FC500F896B2 /* Assets.xcassets */ = {isa = PBXFileReference; lastKnownFileType = folder.assetcatalog; path = Assets.xcassets; sourceTree = "<group>"; };
		7FFFFDA029F33FC500F896B2 /* Base */ = {isa = PBXFileReference; lastKnownFileType = file.storyboard; name = Base; path = Base.lproj/LaunchScreen.storyboard; sourceTree = "<group>"; };
		7FFFFDA229F33FC500F896B2 /* Info.plist */ = {isa = PBXFileReference; lastKnownFileType = text.plist.xml; path = Info.plist; sourceTree = "<group>"; };
		7FFFFDA929F343F300F896B2 /* ccmViewController.swift */ = {isa = PBXFileReference; lastKnownFileType = sourcecode.swift; path = ccmViewController.swift; sourceTree = "<group>"; };
		7FFFFDAB29F343FF00F896B2 /* icmViewController.swift */ = {isa = PBXFileReference; lastKnownFileType = sourcecode.swift; path = icmViewController.swift; sourceTree = "<group>"; };
/* End PBXFileReference section */

/* Begin PBXFrameworksBuildPhase section */
		7FFFFD8B29F33FC400F896B2 /* Frameworks */ = {
			isa = PBXFrameworksBuildPhase;
			buildActionMask = 2147483647;
			files = (
			);
			runOnlyForDeploymentPostprocessing = 0;
		};
/* End PBXFrameworksBuildPhase section */

/* Begin PBXGroup section */
		7F53934C29F8359100314CEA /* CCM */ = {
			isa = PBXGroup;
			children = (
				7FFFFDA929F343F300F896B2 /* ccmViewController.swift */,
				7F53934E29F835E300314CEA /* Map.swift */,
				7F53935029F835F200314CEA /* Buildings.swift */,
			);
			path = CCM;
			sourceTree = "<group>";
		};
		7F53934D29F8359800314CEA /* ICM */ = {
			isa = PBXGroup;
			children = (
				7FFFFDAB29F343FF00F896B2 /* icmViewController.swift */,
			);
			path = ICM;
			sourceTree = "<group>";
		};
		7FFFFD8529F33FC400F896B2 = {
			isa = PBXGroup;
			children = (
				7FFFFD9029F33FC400F896B2 /* Chimica Saronio */,
				7FFFFD8F29F33FC400F896B2 /* Products */,
			);
			sourceTree = "<group>";
		};
		7FFFFD8F29F33FC400F896B2 /* Products */ = {
			isa = PBXGroup;
			children = (
				7FFFFD8E29F33FC400F896B2 /* Chimica Saronio.app */,
			);
			name = Products;
			sourceTree = "<group>";
		};
		7FFFFD9029F33FC400F896B2 /* Chimica Saronio */ = {
			isa = PBXGroup;
			children = (
				7FFFFDA829F343D800F896B2 /* Views */,
				7FFFFD9129F33FC400F896B2 /* AppDelegate.swift */,
				7FFFFD9329F33FC400F896B2 /* SceneDelegate.swift */,
				7FFFFD9729F33FC400F896B2 /* Main.storyboard */,
				7FFFFD9D29F33FC500F896B2 /* Assets.xcassets */,
				7FFFFD9F29F33FC500F896B2 /* LaunchScreen.storyboard */,
				7FFFFDA229F33FC500F896B2 /* Info.plist */,
				7FFFFD9A29F33FC400F896B2 /* Chimica_Saronio.xcdatamodeld */,
			);
			path = "Chimica Saronio";
			sourceTree = "<group>";
		};
		7FFFFDA829F343D800F896B2 /* Views */ = {
			isa = PBXGroup;
			children = (
				7F53934D29F8359800314CEA /* ICM */,
				7F53934C29F8359100314CEA /* CCM */,
				7FFFFD9529F33FC400F896B2 /* ViewController.swift */,
			);
			path = Views;
			sourceTree = "<group>";
		};
/* End PBXGroup section */

/* Begin PBXNativeTarget section */
		7FFFFD8D29F33FC400F896B2 /* Chimica Saronio */ = {
			isa = PBXNativeTarget;
			buildConfigurationList = 7FFFFDA529F33FC500F896B2 /* Build configuration list for PBXNativeTarget "Chimica Saronio" */;
			buildPhases = (
				7FFFFD8A29F33FC400F896B2 /* Sources */,
				7FFFFD8B29F33FC400F896B2 /* Frameworks */,
				7FFFFD8C29F33FC400F896B2 /* Resources */,
			);
			buildRules = (
			);
			dependencies = (
			);
			name = "Chimica Saronio";
			productName = "Chimica Saronio";
			productReference = 7FFFFD8E29F33FC400F896B2 /* Chimica Saronio.app */;
			productType = "com.apple.product-type.application";
		};
/* End PBXNativeTarget section */

/* Begin PBXProject section */
		7FFFFD8629F33FC400F896B2 /* Project object */ = {
			isa = PBXProject;
			attributes = {
				BuildIndependentTargetsInParallel = 1;
				LastSwiftUpdateCheck = 1430;
				LastUpgradeCheck = 1430;
				TargetAttributes = {
					7FFFFD8D29F33FC400F896B2 = {
						CreatedOnToolsVersion = 14.3;
					};
				};
			};
			buildConfigurationList = 7FFFFD8929F33FC400F896B2 /* Build configuration list for PBXProject "Chimica Saronio" */;
			compatibilityVersion = "Xcode 14.0";
			developmentRegion = en;
			hasScannedForEncodings = 0;
			knownRegions = (
				en,
				Base,
			);
			mainGroup = 7FFFFD8529F33FC400F896B2;
			productRefGroup = 7FFFFD8F29F33FC400F896B2 /* Products */;
			projectDirPath = "";
			projectRoot = "";
			targets = (
				7FFFFD8D29F33FC400F896B2 /* Chimica Saronio */,
			);
		};
/* End PBXProject section */

/* Begin PBXResourcesBuildPhase section */
		7FFFFD8C29F33FC400F896B2 /* Resources */ = {
			isa = PBXResourcesBuildPhase;
			buildActionMask = 2147483647;
			files = (
				7FFFFDA129F33FC500F896B2 /* LaunchScreen.storyboard in Resources */,
				7FFFFD9E29F33FC500F896B2 /* Assets.xcassets in Resources */,
				7FFFFD9929F33FC400F896B2 /* Main.storyboard in Resources */,
			);
			runOnlyForDeploymentPostprocessing = 0;
		};
/* End PBXResourcesBuildPhase section */

/* Begin PBXSourcesBuildPhase section */
		7FFFFD8A29F33FC400F896B2 /* Sources */ = {
			isa = PBXSourcesBuildPhase;
			buildActionMask = 2147483647;
			files = (
				7FFFFD9C29F33FC400F896B2 /* Chimica_Saronio.xcdatamodeld in Sources */,
				7FFFFD9629F33FC400F896B2 /* ViewController.swift in Sources */,
				7FFFFDAA29F343F300F896B2 /* ccmViewController.swift in Sources */,
				7F53935129F835F200314CEA /* Buildings.swift in Sources */,
				7F53934F29F835E300314CEA /* Map.swift in Sources */,
				7FFFFD9229F33FC400F896B2 /* AppDelegate.swift in Sources */,
				7FFFFDAC29F343FF00F896B2 /* icmViewController.swift in Sources */,
				7FFFFD9429F33FC400F896B2 /* SceneDelegate.swift in Sources */,
			);
			runOnlyForDeploymentPostprocessing = 0;
		};
/* End PBXSourcesBuildPhase section */

/* Begin PBXVariantGroup section */
		7FFFFD9729F33FC400F896B2 /* Main.storyboard */ = {
			isa = PBXVariantGroup;
			children = (
				7FFFFD9829F33FC400F896B2 /* Base */,
			);
			name = Main.storyboard;
			sourceTree = "<group>";
		};
		7FFFFD9F29F33FC500F896B2 /* LaunchScreen.storyboard */ = {
			isa = PBXVariantGroup;
			children = (
				7FFFFDA029F33FC500F896B2 /* Base */,
			);
			name = LaunchScreen.storyboard;
			sourceTree = "<group>";
		};
/* End PBXVariantGroup section */

/* Begin XCBuildConfiguration section */
		7FFFFDA329F33FC500F896B2 /* Debug */ = {
			isa = XCBuildConfiguration;
			buildSettings = {
				ALWAYS_SEARCH_USER_PATHS = NO;
				CLANG_ANALYZER_NONNULL = YES;
				CLANG_ANALYZER_NUMBER_OBJECT_CONVERSION = YES_AGGRESSIVE;
				CLANG_CXX_LANGUAGE_STANDARD = "gnu++20";
				CLANG_ENABLE_MODULES = YES;
				CLANG_ENABLE_OBJC_ARC = YES;
				CLANG_ENABLE_OBJC_WEAK = YES;
				CLANG_WARN_BLOCK_CAPTURE_AUTORELEASING = YES;
				CLANG_WARN_BOOL_CONVERSION = YES;
				CLANG_WARN_COMMA = YES;
				CLANG_WARN_CONSTANT_CONVERSION = YES;
				CLANG_WARN_DEPRECATED_OBJC_IMPLEMENTATIONS = YES;
				CLANG_WARN_DIRECT_OBJC_ISA_USAGE = YES_ERROR;
				CLANG_WARN_DOCUMENTATION_COMMENTS = YES;
				CLANG_WARN_EMPTY_BODY = YES;
				CLANG_WARN_ENUM_CONVERSION = YES;
				CLANG_WARN_INFINITE_RECURSION = YES;
				CLANG_WARN_INT_CONVERSION = YES;
				CLANG_WARN_NON_LITERAL_NULL_CONVERSION = YES;
				CLANG_WARN_OBJC_IMPLICIT_RETAIN_SELF = YES;
				CLANG_WARN_OBJC_LITERAL_CONVERSION = YES;
				CLANG_WARN_OBJC_ROOT_CLASS = YES_ERROR;
				CLANG_WARN_QUOTED_INCLUDE_IN_FRAMEWORK_HEADER = YES;
				CLANG_WARN_RANGE_LOOP_ANALYSIS = YES;
				CLANG_WARN_STRICT_PROTOTYPES = YES;
				CLANG_WARN_SUSPICIOUS_MOVE = YES;
				CLANG_WARN_UNGUARDED_AVAILABILITY = YES_AGGRESSIVE;
				CLANG_WARN_UNREACHABLE_CODE = YES;
				CLANG_WARN__DUPLICATE_METHOD_MATCH = YES;
				COPY_PHASE_STRIP = NO;
				DEBUG_INFORMATION_FORMAT = dwarf;
				ENABLE_STRICT_OBJC_MSGSEND = YES;
				ENABLE_TESTABILITY = YES;
				GCC_C_LANGUAGE_STANDARD = gnu11;
				GCC_DYNAMIC_NO_PIC = NO;
				GCC_NO_COMMON_BLOCKS = YES;
				GCC_OPTIMIZATION_LEVEL = 0;
				GCC_PREPROCESSOR_DEFINITIONS = (
					"DEBUG=1",
					"$(inherited)",
				);
				GCC_WARN_64_TO_32_BIT_CONVERSION = YES;
				GCC_WARN_ABOUT_RETURN_TYPE = YES_ERROR;
				GCC_WARN_UNDECLARED_SELECTOR = YES;
				GCC_WARN_UNINITIALIZED_AUTOS = YES_AGGRESSIVE;
				GCC_WARN_UNUSED_FUNCTION = YES;
				GCC_WARN_UNUSED_VARIABLE = YES;
				IPHONEOS_DEPLOYMENT_TARGET = 16.4;
				MTL_ENABLE_DEBUG_INFO = INCLUDE_SOURCE;
				MTL_FAST_MATH = YES;
				ONLY_ACTIVE_ARCH = YES;
				SDKROOT = iphoneos;
				SWIFT_ACTIVE_COMPILATION_CONDITIONS = DEBUG;
				SWIFT_OPTIMIZATION_LEVEL = "-Onone";
			};
			name = Debug;
		};
		7FFFFDA429F33FC500F896B2 /* Release */ = {
			isa = XCBuildConfiguration;
			buildSettings = {
				ALWAYS_SEARCH_USER_PATHS = NO;
				CLANG_ANALYZER_NONNULL = YES;
				CLANG_ANALYZER_NUMBER_OBJECT_CONVERSION = YES_AGGRESSIVE;
				CLANG_CXX_LANGUAGE_STANDARD = "gnu++20";
				CLANG_ENABLE_MODULES = YES;
				CLANG_ENABLE_OBJC_ARC = YES;
				CLANG_ENABLE_OBJC_WEAK = YES;
				CLANG_WARN_BLOCK_CAPTURE_AUTORELEASING = YES;
				CLANG_WARN_BOOL_CONVERSION = YES;
				CLANG_WARN_COMMA = YES;
				CLANG_WARN_CONSTANT_CONVERSION = YES;
				CLANG_WARN_DEPRECATED_OBJC_IMPLEMENTATIONS = YES;
				CLANG_WARN_DIRECT_OBJC_ISA_USAGE = YES_ERROR;
				CLANG_WARN_DOCUMENTATION_COMMENTS = YES;
				CLANG_WARN_EMPTY_BODY = YES;
				CLANG_WARN_ENUM_CONVERSION = YES;
				CLANG_WARN_INFINITE_RECURSION = YES;
				CLANG_WARN_INT_CONVERSION = YES;
				CLANG_WARN_NON_LITERAL_NULL_CONVERSION = YES;
				CLANG_WARN_OBJC_IMPLICIT_RETAIN_SELF = YES;
				CLANG_WARN_OBJC_LITERAL_CONVERSION = YES;
				CLANG_WARN_OBJC_ROOT_CLASS = YES_ERROR;
				CLANG_WARN_QUOTED_INCLUDE_IN_FRAMEWORK_HEADER = YES;
				CLANG_WARN_RANGE_LOOP_ANALYSIS = YES;
				CLANG_WARN_STRICT_PROTOTYPES = YES;
				CLANG_WARN_SUSPICIOUS_MOVE = YES;
				CLANG_WARN_UNGUARDED_AVAILABILITY = YES_AGGRESSIVE;
				CLANG_WARN_UNREACHABLE_CODE = YES;
				CLANG_WARN__DUPLICATE_METHOD_MATCH = YES;
				COPY_PHASE_STRIP = NO;
				DEBUG_INFORMATION_FORMAT = "dwarf-with-dsym";
				ENABLE_NS_ASSERTIONS = NO;
				ENABLE_STRICT_OBJC_MSGSEND = YES;
				GCC_C_LANGUAGE_STANDARD = gnu11;
				GCC_NO_COMMON_BLOCKS = YES;
				GCC_WARN_64_TO_32_BIT_CONVERSION = YES;
				GCC_WARN_ABOUT_RETURN_TYPE = YES_ERROR;
				GCC_WARN_UNDECLARED_SELECTOR = YES;
				GCC_WARN_UNINITIALIZED_AUTOS = YES_AGGRESSIVE;
				GCC_WARN_UNUSED_FUNCTION = YES;
				GCC_WARN_UNUSED_VARIABLE = YES;
				IPHONEOS_DEPLOYMENT_TARGET = 16.4;
				MTL_ENABLE_DEBUG_INFO = NO;
				MTL_FAST_MATH = YES;
				SDKROOT = iphoneos;
				SWIFT_COMPILATION_MODE = wholemodule;
				SWIFT_OPTIMIZATION_LEVEL = "-O";
				VALIDATE_PRODUCT = YES;
			};
			name = Release;
		};
		7FFFFDA629F33FC500F896B2 /* Debug */ = {
			isa = XCBuildConfiguration;
			buildSettings = {
				ASSETCATALOG_COMPILER_APPICON_NAME = AppIcon;
				ASSETCATALOG_COMPILER_GLOBAL_ACCENT_COLOR_NAME = AccentColor;
				CODE_SIGN_STYLE = Automatic;
				CURRENT_PROJECT_VERSION = 1;
				DEVELOPMENT_TEAM = 5QSFDW949X;
				GENERATE_INFOPLIST_FILE = YES;
				INFOPLIST_FILE = "Chimica Saronio/Info.plist";
				INFOPLIST_KEY_CFBundleDisplayName = "Chimica Saronio";
				INFOPLIST_KEY_UIApplicationSupportsIndirectInputEvents = YES;
				INFOPLIST_KEY_UILaunchStoryboardName = LaunchScreen.storyboard;
				INFOPLIST_KEY_UIMainStoryboardFile = Main;
				INFOPLIST_KEY_UIRequiresFullScreen = YES;
				INFOPLIST_KEY_UIStatusBarStyle = "";
				INFOPLIST_KEY_UISupportedInterfaceOrientations = UIInterfaceOrientationPortrait;
				IPHONEOS_DEPLOYMENT_TARGET = 16.0;
				LD_RUNPATH_SEARCH_PATHS = (
					"$(inherited)",
					"@executable_path/Frameworks",
				);
				MARKETING_VERSION = 1.0;
				PRODUCT_BUNDLE_IDENTIFIER = "exodevelop.Chimica-Saronio";
				PRODUCT_NAME = "$(TARGET_NAME)";
				SWIFT_EMIT_LOC_STRINGS = YES;
				SWIFT_VERSION = 5.0;
				TARGETED_DEVICE_FAMILY = "1,2";
			};
			name = Debug;
		};
		7FFFFDA729F33FC500F896B2 /* Release */ = {
			isa = XCBuildConfiguration;
			buildSettings = {
				ASSETCATALOG_COMPILER_APPICON_NAME = AppIcon;
				ASSETCATALOG_COMPILER_GLOBAL_ACCENT_COLOR_NAME = AccentColor;
				CODE_SIGN_STYLE = Automatic;
				CURRENT_PROJECT_VERSION = 1;
				DEVELOPMENT_TEAM = 5QSFDW949X;
				GENERATE_INFOPLIST_FILE = YES;
				INFOPLIST_FILE = "Chimica Saronio/Info.plist";
				INFOPLIST_KEY_CFBundleDisplayName = "Chimica Saronio";
				INFOPLIST_KEY_UIApplicationSupportsIndirectInputEvents = YES;
				INFOPLIST_KEY_UILaunchStoryboardName = LaunchScreen.storyboard;
				INFOPLIST_KEY_UIMainStoryboardFile = Main;
				INFOPLIST_KEY_UIRequiresFullScreen = YES;
				INFOPLIST_KEY_UIStatusBarStyle = "";
				INFOPLIST_KEY_UISupportedInterfaceOrientations = UIInterfaceOrientationPortrait;
				IPHONEOS_DEPLOYMENT_TARGET = 16.0;
				LD_RUNPATH_SEARCH_PATHS = (
					"$(inherited)",
					"@executable_path/Frameworks",
				);
				MARKETING_VERSION = 1.0;
				PRODUCT_BUNDLE_IDENTIFIER = "exodevelop.Chimica-Saronio";
				PRODUCT_NAME = "$(TARGET_NAME)";
				SWIFT_EMIT_LOC_STRINGS = YES;
				SWIFT_VERSION = 5.0;
				TARGETED_DEVICE_FAMILY = "1,2";
			};
			name = Release;
		};
/* End XCBuildConfiguration section */

/* Begin XCConfigurationList section */
		7FFFFD8929F33FC400F896B2 /* Build configuration list for PBXProject "Chimica Saronio" */ = {
			isa = XCConfigurationList;
			buildConfigurations = (
				7FFFFDA329F33FC500F896B2 /* Debug */,
				7FFFFDA429F33FC500F896B2 /* Release */,
			);
			defaultConfigurationIsVisible = 0;
			defaultConfigurationName = Release;
		};
		7FFFFDA529F33FC500F896B2 /* Build configuration list for PBXNativeTarget "Chimica Saronio" */ = {
			isa = XCConfigurationList;
			buildConfigurations = (
				7FFFFDA629F33FC500F896B2 /* Debug */,
				7FFFFDA729F33FC500F896B2 /* Release */,
			);
			defaultConfigurationIsVisible = 0;
			defaultConfigurationName = Release;
		};
/* End XCConfigurationList section */

/* Begin XCVersionGroup section */
		7FFFFD9A29F33FC400F896B2 /* Chimica_Saronio.xcdatamodeld */ = {
			isa = XCVersionGroup;
			children = (
				7FFFFD9B29F33FC400F896B2 /* Chimica_Saronio.xcdatamodel */,
			);
			currentVersion = 7FFFFD9B29F33FC400F896B2 /* Chimica_Saronio.xcdatamodel */;
			path = Chimica_Saronio.xcdatamodeld;
			sourceTree = "<group>";
			versionGroupType = wrapper.xcdatamodel;
		};
/* End XCVersionGroup section */
	};
	rootObject = 7FFFFD8629F33FC400F896B2 /* Project object */;
}
