// !$*UTF8*$!
{
	archiveVersion = 1;
	classes = {
	};
	objectVersion = 46;
	objects = {

/* Begin PBXBuildFile section */
		7F31015429F2F2C0000AD297 /* main.m in Sources */ = {isa = PBXBuildFile; fileRef = 7F31015329F2F2C0000AD297 /* main.m */; };
		7F31015729F2F2C0000AD297 /* AppDelegate.m in Sources */ = {isa = PBXBuildFile; fileRef = 7F31015629F2F2C0000AD297 /* AppDelegate.m */; };
		7F31015929F2F2C0000AD297 /* Images.xcassets in Resources */ = {isa = PBXBuildFile; fileRef = 7F31015829F2F2C0000AD297 /* Images.xcassets */; };
		7F31015C29F2F2C0000AD297 /* MainMenu.xib in Resources */ = {isa = PBXBuildFile; fileRef = 7F31015A29F2F2C0000AD297 /* MainMenu.xib */; };
		7F31016829F2F2C0000AD297 /* TestTests.m in Sources */ = {isa = PBXBuildFile; fileRef = 7F31016729F2F2C0000AD297 /* TestTests.m */; };
/* End PBXBuildFile section */

/* Begin PBXContainerItemProxy section */
		7F31016229F2F2C0000AD297 /* PBXContainerItemProxy */ = {
			isa = PBXContainerItemProxy;
			containerPortal = 7F31014629F2F2BF000AD297 /* Project object */;
			proxyType = 1;
			remoteGlobalIDString = 7F31014D29F2F2BF000AD297;
			remoteInfo = Test;
		};
/* End PBXContainerItemProxy section */

/* Begin PBXFileReference section */
		7F31014E29F2F2BF000AD297 /* Test.app */ = {isa = PBXFileReference; explicitFileType = wrapper.application; includeInIndex = 0; path = Test.app; sourceTree = BUILT_PRODUCTS_DIR; };
		7F31015229F2F2BF000AD297 /* Info.plist */ = {isa = PBXFileReference; lastKnownFileType = text.plist.xml; path = Info.plist; sourceTree = "<group>"; };
		7F31015329F2F2C0000AD297 /* main.m */ = {isa = PBXFileReference; lastKnownFileType = sourcecode.c.objc; path = main.m; sourceTree = "<group>"; };
		7F31015529F2F2C0000AD297 /* AppDelegate.h */ = {isa = PBXFileReference; lastKnownFileType = sourcecode.c.h; path = AppDelegate.h; sourceTree = "<group>"; };
		7F31015629F2F2C0000AD297 /* AppDelegate.m */ = {isa = PBXFileReference; lastKnownFileType = sourcecode.c.objc; path = AppDelegate.m; sourceTree = "<group>"; };
		7F31015829F2F2C0000AD297 /* Images.xcassets */ = {isa = PBXFileReference; lastKnownFileType = folder.assetcatalog; path = Images.xcassets; sourceTree = "<group>"; };
		7F31015B29F2F2C0000AD297 /* Base */ = {isa = PBXFileReference; lastKnownFileType = file.xib; name = Base; path = Base.lproj/MainMenu.xib; sourceTree = "<group>"; };
		7F31016129F2F2C0000AD297 /* TestTests.xctest */ = {isa = PBXFileReference; explicitFileType = wrapper.cfbundle; includeInIndex = 0; path = TestTests.xctest; sourceTree = BUILT_PRODUCTS_DIR; };
		7F31016629F2F2C0000AD297 /* Info.plist */ = {isa = PBXFileReference; lastKnownFileType = text.plist.xml; path = Info.plist; sourceTree = "<group>"; };
		7F31016729F2F2C0000AD297 /* TestTests.m */ = {isa = PBXFileReference; lastKnownFileType = sourcecode.c.objc; path = TestTests.m; sourceTree = "<group>"; };
/* End PBXFileReference section */

/* Begin PBXFrameworksBuildPhase section */
		7F31014B29F2F2BF000AD297 /* Frameworks */ = {
			isa = PBXFrameworksBuildPhase;
			buildActionMask = 2147483647;
			files = (
			);
			runOnlyForDeploymentPostprocessing = 0;
		};
		7F31015E29F2F2C0000AD297 /* Frameworks */ = {
			isa = PBXFrameworksBuildPhase;
			buildActionMask = 2147483647;
			files = (
			);
			runOnlyForDeploymentPostprocessing = 0;
		};
/* End PBXFrameworksBuildPhase section */

/* Begin PBXGroup section */
		7F31014529F2F2BF000AD297 = {
			isa = PBXGroup;
			children = (
				7F31015029F2F2BF000AD297 /* Test */,
				7F31016429F2F2C0000AD297 /* TestTests */,
				7F31014F29F2F2BF000AD297 /* Products */,
			);
			sourceTree = "<group>";
		};
		7F31014F29F2F2BF000AD297 /* Products */ = {
			isa = PBXGroup;
			children = (
				7F31014E29F2F2BF000AD297 /* Test.app */,
				7F31016129F2F2C0000AD297 /* TestTests.xctest */,
			);
			name = Products;
			sourceTree = "<group>";
		};
		7F31015029F2F2BF000AD297 /* Test */ = {
			isa = PBXGroup;
			children = (
				7F31015529F2F2C0000AD297 /* AppDelegate.h */,
				7F31015629F2F2C0000AD297 /* AppDelegate.m */,
				7F31015829F2F2C0000AD297 /* Images.xcassets */,
				7F31015A29F2F2C0000AD297 /* MainMenu.xib */,
				7F31015129F2F2BF000AD297 /* Supporting Files */,
			);
			path = Test;
			sourceTree = "<group>";
		};
		7F31015129F2F2BF000AD297 /* Supporting Files */ = {
			isa = PBXGroup;
			children = (
				7F31015229F2F2BF000AD297 /* Info.plist */,
				7F31015329F2F2C0000AD297 /* main.m */,
			);
			name = "Supporting Files";
			sourceTree = "<group>";
		};
		7F31016429F2F2C0000AD297 /* TestTests */ = {
			isa = PBXGroup;
			children = (
				7F31016729F2F2C0000AD297 /* TestTests.m */,
				7F31016529F2F2C0000AD297 /* Supporting Files */,
			);
			path = TestTests;
			sourceTree = "<group>";
		};
		7F31016529F2F2C0000AD297 /* Supporting Files */ = {
			isa = PBXGroup;
			children = (
				7F31016629F2F2C0000AD297 /* Info.plist */,
			);
			name = "Supporting Files";
			sourceTree = "<group>";
		};
/* End PBXGroup section */

/* Begin PBXNativeTarget section */
		7F31014D29F2F2BF000AD297 /* Test */ = {
			isa = PBXNativeTarget;
			buildConfigurationList = 7F31016B29F2F2C0000AD297 /* Build configuration list for PBXNativeTarget "Test" */;
			buildPhases = (
				7F31014A29F2F2BF000AD297 /* Sources */,
				7F31014B29F2F2BF000AD297 /* Frameworks */,
				7F31014C29F2F2BF000AD297 /* Resources */,
			);
			buildRules = (
			);
			dependencies = (
			);
			name = Test;
			productName = Test;
			productReference = 7F31014E29F2F2BF000AD297 /* Test.app */;
			productType = "com.apple.product-type.application";
		};
		7F31016029F2F2C0000AD297 /* TestTests */ = {
			isa = PBXNativeTarget;
			buildConfigurationList = 7F31016E29F2F2C0000AD297 /* Build configuration list for PBXNativeTarget "TestTests" */;
			buildPhases = (
				7F31015D29F2F2C0000AD297 /* Sources */,
				7F31015E29F2F2C0000AD297 /* Frameworks */,
				7F31015F29F2F2C0000AD297 /* Resources */,
			);
			buildRules = (
			);
			dependencies = (
				7F31016329F2F2C0000AD297 /* PBXTargetDependency */,
			);
			name = TestTests;
			productName = TestTests;
			productReference = 7F31016129F2F2C0000AD297 /* TestTests.xctest */;
			productType = "com.apple.product-type.bundle.unit-test";
		};
/* End PBXNativeTarget section */

/* Begin PBXProject section */
		7F31014629F2F2BF000AD297 /* Project object */ = {
			isa = PBXProject;
			attributes = {
				LastUpgradeCheck = 0600;
				ORGANIZATIONNAME = "Flavio Sinatra";
				TargetAttributes = {
					7F31014D29F2F2BF000AD297 = {
						CreatedOnToolsVersion = 6.0.1;
					};
					7F31016029F2F2C0000AD297 = {
						CreatedOnToolsVersion = 6.0.1;
						TestTargetID = 7F31014D29F2F2BF000AD297;
					};
				};
			};
			buildConfigurationList = 7F31014929F2F2BF000AD297 /* Build configuration list for PBXProject "Test" */;
			compatibilityVersion = "Xcode 3.2";
			developmentRegion = English;
			hasScannedForEncodings = 0;
			knownRegions = (
				en,
				Base,
			);
			mainGroup = 7F31014529F2F2BF000AD297;
			productRefGroup = 7F31014F29F2F2BF000AD297 /* Products */;
			projectDirPath = "";
			projectRoot = "";
			targets = (
				7F31014D29F2F2BF000AD297 /* Test */,
				7F31016029F2F2C0000AD297 /* TestTests */,
			);
		};
/* End PBXProject section */

/* Begin PBXResourcesBuildPhase section */
		7F31014C29F2F2BF000AD297 /* Resources */ = {
			isa = PBXResourcesBuildPhase;
			buildActionMask = 2147483647;
			files = (
				7F31015929F2F2C0000AD297 /* Images.xcassets in Resources */,
				7F31015C29F2F2C0000AD297 /* MainMenu.xib in Resources */,
			);
			runOnlyForDeploymentPostprocessing = 0;
		};
		7F31015F29F2F2C0000AD297 /* Resources */ = {
			isa = PBXResourcesBuildPhase;
			buildActionMask = 2147483647;
			files = (
			);
			runOnlyForDeploymentPostprocessing = 0;
		};
/* End PBXResourcesBuildPhase section */

/* Begin PBXSourcesBuildPhase section */
		7F31014A29F2F2BF000AD297 /* Sources */ = {
			isa = PBXSourcesBuildPhase;
			buildActionMask = 2147483647;
			files = (
				7F31015729F2F2C0000AD297 /* AppDelegate.m in Sources */,
				7F31015429F2F2C0000AD297 /* main.m in Sources */,
			);
			runOnlyForDeploymentPostprocessing = 0;
		};
		7F31015D29F2F2C0000AD297 /* Sources */ = {
			isa = PBXSourcesBuildPhase;
			buildActionMask = 2147483647;
			files = (
				7F31016829F2F2C0000AD297 /* TestTests.m in Sources */,
			);
			runOnlyForDeploymentPostprocessing = 0;
		};
/* End PBXSourcesBuildPhase section */

/* Begin PBXTargetDependency section */
		7F31016329F2F2C0000AD297 /* PBXTargetDependency */ = {
			isa = PBXTargetDependency;
			target = 7F31014D29F2F2BF000AD297 /* Test */;
			targetProxy = 7F31016229F2F2C0000AD297 /* PBXContainerItemProxy */;
		};
/* End PBXTargetDependency section */

/* Begin PBXVariantGroup section */
		7F31015A29F2F2C0000AD297 /* MainMenu.xib */ = {
			isa = PBXVariantGroup;
			children = (
				7F31015B29F2F2C0000AD297 /* Base */,
			);
			name = MainMenu.xib;
			sourceTree = "<group>";
		};
/* End PBXVariantGroup section */

/* Begin XCBuildConfiguration section */
		7F31016929F2F2C0000AD297 /* Debug */ = {
			isa = XCBuildConfiguration;
			buildSettings = {
				ALWAYS_SEARCH_USER_PATHS = NO;
				CLANG_CXX_LANGUAGE_STANDARD = "gnu++0x";
				CLANG_CXX_LIBRARY = "libc++";
				CLANG_ENABLE_MODULES = YES;
				CLANG_ENABLE_OBJC_ARC = YES;
				CLANG_WARN_BOOL_CONVERSION = YES;
				CLANG_WARN_CONSTANT_CONVERSION = YES;
				CLANG_WARN_DIRECT_OBJC_ISA_USAGE = YES_ERROR;
				CLANG_WARN_EMPTY_BODY = YES;
				CLANG_WARN_ENUM_CONVERSION = YES;
				CLANG_WARN_INT_CONVERSION = YES;
				CLANG_WARN_OBJC_ROOT_CLASS = YES_ERROR;
				CLANG_WARN_UNREACHABLE_CODE = YES;
				CLANG_WARN__DUPLICATE_METHOD_MATCH = YES;
				CODE_SIGN_IDENTITY = "-";
				COPY_PHASE_STRIP = NO;
				ENABLE_STRICT_OBJC_MSGSEND = YES;
				GCC_C_LANGUAGE_STANDARD = gnu99;
				GCC_DYNAMIC_NO_PIC = NO;
				GCC_OPTIMIZATION_LEVEL = 0;
				GCC_PREPROCESSOR_DEFINITIONS = (
					"DEBUG=1",
					"$(inherited)",
				);
				GCC_SYMBOLS_PRIVATE_EXTERN = NO;
				GCC_WARN_64_TO_32_BIT_CONVERSION = YES;
				GCC_WARN_ABOUT_RETURN_TYPE = YES_ERROR;
				GCC_WARN_UNDECLARED_SELECTOR = YES;
				GCC_WARN_UNINITIALIZED_AUTOS = YES_AGGRESSIVE;
				GCC_WARN_UNUSED_FUNCTION = YES;
				GCC_WARN_UNUSED_VARIABLE = YES;
				MACOSX_DEPLOYMENT_TARGET = 10.9;
				MTL_ENABLE_DEBUG_INFO = YES;
				ONLY_ACTIVE_ARCH = YES;
				SDKROOT = macosx;
			};
			name = Debug;
		};
		7F31016A29F2F2C0000AD297 /* Release */ = {
			isa = XCBuildConfiguration;
			buildSettings = {
				ALWAYS_SEARCH_USER_PATHS = NO;
				CLANG_CXX_LANGUAGE_STANDARD = "gnu++0x";
				CLANG_CXX_LIBRARY = "libc++";
				CLANG_ENABLE_MODULES = YES;
				CLANG_ENABLE_OBJC_ARC = YES;
				CLANG_WARN_BOOL_CONVERSION = YES;
				CLANG_WARN_CONSTANT_CONVERSION = YES;
				CLANG_WARN_DIRECT_OBJC_ISA_USAGE = YES_ERROR;
				CLANG_WARN_EMPTY_BODY = YES;
				CLANG_WARN_ENUM_CONVERSION = YES;
				CLANG_WARN_INT_CONVERSION = YES;
				CLANG_WARN_OBJC_ROOT_CLASS = YES_ERROR;
				CLANG_WARN_UNREACHABLE_CODE = YES;
				CLANG_WARN__DUPLICATE_METHOD_MATCH = YES;
				CODE_SIGN_IDENTITY = "-";
				COPY_PHASE_STRIP = YES;
				DEBUG_INFORMATION_FORMAT = "dwarf-with-dsym";
				ENABLE_NS_ASSERTIONS = NO;
				ENABLE_STRICT_OBJC_MSGSEND = YES;
				GCC_C_LANGUAGE_STANDARD = gnu99;
				GCC_WARN_64_TO_32_BIT_CONVERSION = YES;
				GCC_WARN_ABOUT_RETURN_TYPE = YES_ERROR;
				GCC_WARN_UNDECLARED_SELECTOR = YES;
				GCC_WARN_UNINITIALIZED_AUTOS = YES_AGGRESSIVE;
				GCC_WARN_UNUSED_FUNCTION = YES;
				GCC_WARN_UNUSED_VARIABLE = YES;
				MACOSX_DEPLOYMENT_TARGET = 10.9;
				MTL_ENABLE_DEBUG_INFO = NO;
				SDKROOT = macosx;
			};
			name = Release;
		};
		7F31016C29F2F2C0000AD297 /* Debug */ = {
			isa = XCBuildConfiguration;
			buildSettings = {
				ASSETCATALOG_COMPILER_APPICON_NAME = AppIcon;
				COMBINE_HIDPI_IMAGES = YES;
				INFOPLIST_FILE = Test/Info.plist;
				LD_RUNPATH_SEARCH_PATHS = "$(inherited) @executable_path/../Frameworks";
				PRODUCT_NAME = "$(TARGET_NAME)";
			};
			name = Debug;
		};
		7F31016D29F2F2C0000AD297 /* Release */ = {
			isa = XCBuildConfiguration;
			buildSettings = {
				ASSETCATALOG_COMPILER_APPICON_NAME = AppIcon;
				COMBINE_HIDPI_IMAGES = YES;
				INFOPLIST_FILE = Test/Info.plist;
				LD_RUNPATH_SEARCH_PATHS = "$(inherited) @executable_path/../Frameworks";
				PRODUCT_NAME = "$(TARGET_NAME)";
			};
			name = Release;
		};
		7F31016F29F2F2C0000AD297 /* Debug */ = {
			isa = XCBuildConfiguration;
			buildSettings = {
				BUNDLE_LOADER = "$(TEST_HOST)";
				COMBINE_HIDPI_IMAGES = YES;
				FRAMEWORK_SEARCH_PATHS = (
					"$(DEVELOPER_FRAMEWORKS_DIR)",
					"$(inherited)",
				);
				GCC_PREPROCESSOR_DEFINITIONS = (
					"DEBUG=1",
					"$(inherited)",
				);
				INFOPLIST_FILE = TestTests/Info.plist;
				LD_RUNPATH_SEARCH_PATHS = "$(inherited) @executable_path/../Frameworks @loader_path/../Frameworks";
				PRODUCT_NAME = "$(TARGET_NAME)";
				TEST_HOST = "$(BUILT_PRODUCTS_DIR)/Test.app/Contents/MacOS/Test";
			};
			name = Debug;
		};
		7F31017029F2F2C0000AD297 /* Release */ = {
			isa = XCBuildConfiguration;
			buildSettings = {
				BUNDLE_LOADER = "$(TEST_HOST)";
				COMBINE_HIDPI_IMAGES = YES;
				FRAMEWORK_SEARCH_PATHS = (
					"$(DEVELOPER_FRAMEWORKS_DIR)",
					"$(inherited)",
				);
				INFOPLIST_FILE = TestTests/Info.plist;
				LD_RUNPATH_SEARCH_PATHS = "$(inherited) @executable_path/../Frameworks @loader_path/../Frameworks";
				PRODUCT_NAME = "$(TARGET_NAME)";
				TEST_HOST = "$(BUILT_PRODUCTS_DIR)/Test.app/Contents/MacOS/Test";
			};
			name = Release;
		};
/* End XCBuildConfiguration section */

/* Begin XCConfigurationList section */
		7F31014929F2F2BF000AD297 /* Build configuration list for PBXProject "Test" */ = {
			isa = XCConfigurationList;
			buildConfigurations = (
				7F31016929F2F2C0000AD297 /* Debug */,
				7F31016A29F2F2C0000AD297 /* Release */,
			);
			defaultConfigurationIsVisible = 0;
			defaultConfigurationName = Release;
		};
		7F31016B29F2F2C0000AD297 /* Build configuration list for PBXNativeTarget "Test" */ = {
			isa = XCConfigurationList;
			buildConfigurations = (
				7F31016C29F2F2C0000AD297 /* Debug */,
				7F31016D29F2F2C0000AD297 /* Release */,
			);
			defaultConfigurationIsVisible = 0;
		};
		7F31016E29F2F2C0000AD297 /* Build configuration list for PBXNativeTarget "TestTests" */ = {
			isa = XCConfigurationList;
			buildConfigurations = (
				7F31016F29F2F2C0000AD297 /* Debug */,
				7F31017029F2F2C0000AD297 /* Release */,
			);
			defaultConfigurationIsVisible = 0;
		};
/* End XCConfigurationList section */
	};
	rootObject = 7F31014629F2F2BF000AD297 /* Project object */;
}
